
Microsoft Visual Studio Solution File, Format Version 12.00
# Visual Studio 15
VisualStudioVersion = 15.0.26730.15
MinimumVisualStudioVersion = 10.0.40219.1
Project("{FAE04EC0-301F-11D3-BF4B-00C04F79EFBC}") = "TransactionAPI", "TransactionAPI\TransactionAPI.csproj", "{A8FADA61-67E3-47E3-BFF2-D8CB11A6C7A0}"
EndProject
Project("{FAE04EC0-301F-11D3-BF4B-00C04F79EFBC}") = "TransactionAPI.Tests", "TransactionAPI.Tests\TransactionAPI.Tests.csproj", "{6474400C-A2D8-43D1-93AA-8B9EEEEA4EAC}"
EndProject
Global
	GlobalSection(SolutionConfigurationPlatforms) = preSolution
		Debug|Any CPU = Debug|Any CPU
		Release|Any CPU = Release|Any CPU
	EndGlobalSection
	GlobalSection(ProjectConfigurationPlatforms) = postSolution
		{A8FADA61-67E3-47E3-BFF2-D8CB11A6C7A0}.Debug|Any CPU.ActiveCfg = Debug|Any CPU
		{A8FADA61-67E3-47E3-BFF2-D8CB11A6C7A0}.Debug|Any CPU.Build.0 = Debug|Any CPU
		{A8FADA61-67E3-47E3-BFF2-D8CB11A6C7A0}.Release|Any CPU.ActiveCfg = Release|Any CPU
		{A8FADA61-67E3-47E3-BFF2-D8CB11A6C7A0}.Release|Any CPU.Build.0 = Release|Any CPU
		{6474400C-A2D8-43D1-93AA-8B9EEEEA4EAC}.Debug|Any CPU.ActiveCfg = Debug|Any CPU
		{6474400C-A2D8-43D1-93AA-8B9EEEEA4EAC}.Debug|Any CPU.Build.0 = Debug|Any CPU
		{6474400C-A2D8-43D1-93AA-8B9EEEEA4EAC}.Release|Any CPU.ActiveCfg = Release|Any CPU
		{6474400C-A2D8-43D1-93AA-8B9EEEEA4EAC}.Release|Any CPU.Build.0 = Release|Any CPU
	EndGlobalSection
	GlobalSection(SolutionProperties) = preSolution
		HideSolutionNode = FALSE
	EndGlobalSection
	GlobalSection(ExtensibilityGlobals) = postSolution
		SolutionGuid = {CD9E7AC1-FE8C-45AE-967B-C96C5E18487F}
	EndGlobalSection
EndGlobal
